# THIS IS AN AUTOGENERATED FILE. DO NOT EDIT THIS FILE DIRECTLY.
# yarn lockfile v1


"@tinyhttp/accepts@2.0.6":
  version "2.0.6"
  resolved "https://registry.yarnpkg.com/@tinyhttp/accepts/-/accepts-2.0.6.tgz#cc9e2c11a5aead15fd93d25632494a2299cf1c41"
  integrity sha512-oAdgnGIzYL0J1LPOThdREMACUA0TxhTonctiEmRMEVosCXurpDS5RATuBroQ5rWPxMuSv+ussur7bErHFUxeGw==
  dependencies:
    es-mime-types "^0.1.4"
    negotiator "^0.6.2"

"@tinyhttp/app@^2.0.19":
  version "2.0.22"
  resolved "https://registry.yarnpkg.com/@tinyhttp/app/-/app-2.0.22.tgz#33510fdf7515be720fe6533bc084c13e66bbceba"
  integrity sha512-OMFrQYRVi2bKUdPB63wkKUtBaNVTF3VCkvFS9sqUCs3SCAr9ZsT0zxM846M1nGeOx1KU4HTeXk9480qGYybOAQ==
  dependencies:
    "@tinyhttp/cookie" "2.0.4"
    "@tinyhttp/proxy-addr" "2.0.4"
    "@tinyhttp/req" "2.0.13"
    "@tinyhttp/res" "2.0.17"
    "@tinyhttp/router" "2.0.5"
    header-range-parser "1.1.3"
    regexparam "^2.0.0"

"@tinyhttp/content-disposition@2.0.6":
  version "2.0.6"
  resolved "https://registry.yarnpkg.com/@tinyhttp/content-disposition/-/content-disposition-2.0.6.tgz#be6e353ceae66eddfd01df1eb641a41455425672"
  integrity sha512-Xd3IW1Qh1voaWaf7rCx+jiq7S9AOpKo4kQduS5gdh7Nt3+ZfNhG5E4GBJlQnyHWD5/LRZa84U7X34Xdrto0IVQ==

"@tinyhttp/cookie-signature@2.0.4":
  version "2.0.4"
  resolved "https://registry.yarnpkg.com/@tinyhttp/cookie-signature/-/cookie-signature-2.0.4.tgz#3ee4ec2316e57ad8bcd0a8be1515dff01bbff04c"
  integrity sha512-QpldoF+4XIFbaNWSm2boKXh1O3AXPSZZYkma+B8JWG+HN37rp/6SRj9renqWpU/LNj7Qshar3DRevg3YPwHpiQ==

"@tinyhttp/cookie@2.0.4":
  version "2.0.4"
  resolved "https://registry.yarnpkg.com/@tinyhttp/cookie/-/cookie-2.0.4.tgz#204eedd8a33a29aa30607a0e8c233eaf3ebc6b7e"
  integrity sha512-CqapJxVwoepY2r0XSDnDhZeV7aQhR1P+RiVFj3zg7w0doNepUmGcgnrSFYMuxYbd7SG0RtJ6skVG0s+9S0SUag==

"@tinyhttp/encode-url@2.0.5":
  version "2.0.5"
  resolved "https://registry.yarnpkg.com/@tinyhttp/encode-url/-/encode-url-2.0.5.tgz#aa0c04e5e7dc9cdf9c49618aaa9fd4559efdb2f5"
  integrity sha512-j0CHNTUB7hI5QTcRo5TXG6A4BrthuLE/p1qDOh2plGd21WTPMtMlq0MmfUJcelAxcQD3FIBt0TZBSepGzpdFww==

"@tinyhttp/etag@2.0.4":
  version "2.0.4"
  resolved "https://registry.yarnpkg.com/@tinyhttp/etag/-/etag-2.0.4.tgz#f89ad0b9d88e2d3c6dd00c288edfbbcfab4c61a2"
  integrity sha512-GqotnzpLdpvKNLGzKsmC2qqG0E4j4CosiVKcFXKPj7PvnJ5XCMbwCtRuCu0cTRjqrWIKUuBWFSNgc/aLCHuYrg==

"@tinyhttp/forwarded@2.0.4":
  version "2.0.4"
  resolved "https://registry.yarnpkg.com/@tinyhttp/forwarded/-/forwarded-2.0.4.tgz#e5c35a949c601c8aa0afb440fc2618f1b68646ae"
  integrity sha512-HRSLYirUdjV2wr0neR4M1nxsO9inz4fheMjdqGYUDkw+axLxtNDreAXuSCDcWku43ovcM0Pbuj35Jrm0NKVYBw==

"@tinyhttp/logger@^1.3.0":
  version "1.3.0"
  resolved "https://registry.yarnpkg.com/@tinyhttp/logger/-/logger-1.3.0.tgz#3924b16449277ac9e950e8d70fb26ce5d16c4327"
  integrity sha512-u8vbW8OEPur3ZlkJGNO+Nl/xw78cdIaDAcWMUEg7o3UY9L5xezMQcLBPX8ykJLEB+Yl+BDmTvt1s1LzkwM6mNQ==
  dependencies:
    colorette "^1.2.2"
    dayjs "^1.10.4"
    http-status-emojis "^2.2.0"

"@tinyhttp/proxy-addr@2.0.4":
  version "2.0.4"
  resolved "https://registry.yarnpkg.com/@tinyhttp/proxy-addr/-/proxy-addr-2.0.4.tgz#9ff2f3b6a4564b213e0b4b41c2849fc25892ed8b"
  integrity sha512-PSPF2JplFrWjlizrn+7eQKBQrK2v7rk3wvPkUriKZuo5On2NDIOuM82eDsvg2X7yqYAK+/rRqq1BZHvS5oBong==
  dependencies:
    "@tinyhttp/forwarded" "2.0.4"
    ipaddr.js "^2.0.1"

"@tinyhttp/req@2.0.13":
  version "2.0.13"
  resolved "https://registry.yarnpkg.com/@tinyhttp/req/-/req-2.0.13.tgz#a8c876beba9c7d492c05b927d29495a22b340cd4"
  integrity sha512-vRyRqHUwABynXnNBGAgHBT2VZ+zDIjhmzLEtW1F23qgxmbhc7PhOR/9sPo/jdSLgpY2yxMbWqDyMR1Lka++JZw==
  dependencies:
    "@tinyhttp/accepts" "2.0.6"
    "@tinyhttp/type-is" "2.0.5"
    "@tinyhttp/url" "2.0.6"
    es-fresh "^0.0.10"
    header-range-parser "^1.1.3"

"@tinyhttp/res@2.0.17":
  version "2.0.17"
  resolved "https://registry.yarnpkg.com/@tinyhttp/res/-/res-2.0.17.tgz#e705bd3a6222fa3b4d04f7b26bc19517acde98ca"
  integrity sha512-gMOwCPNk6w5IvO9HcP+CuGQ1xGxbL26EuUytZ6mdJP2KHl2TT4nuNkJkGnaMLiKTlOGnX/+5h+HgKlqStQyzeA==
  dependencies:
    "@tinyhttp/content-disposition" "2.0.6"
    "@tinyhttp/cookie" "2.0.4"
    "@tinyhttp/cookie-signature" "2.0.4"
    "@tinyhttp/encode-url" "2.0.5"
    "@tinyhttp/req" "2.0.13"
    "@tinyhttp/send" "2.0.5"
    es-escape-html "^0.1.1"
    es-mime-types "^0.1.4"
    es-vary "^0.1.1"

"@tinyhttp/router@2.0.5":
  version "2.0.5"
  resolved "https://registry.yarnpkg.com/@tinyhttp/router/-/router-2.0.5.tgz#fb726519a3a02cb9396c2d1f1358fc4dd9c484f9"
  integrity sha512-1YWmq61aae3fcZfqUMNSj1soCpdoPP8SDbfwsDy8RgZRG/OtNeifCmTN5+ukvxuSzGAuHBmn/c0qTQ3ECwMFrQ==

"@tinyhttp/send@2.0.5":
  version "2.0.5"
  resolved "https://registry.yarnpkg.com/@tinyhttp/send/-/send-2.0.5.tgz#8cffbd41be9b3115f0f719df8622ab5c3035194a"
  integrity sha512-rVAa6bwPj03/npjwNO8xKDuoLE6qF4lN8QGinezznoDwjKtH3B+QwC14BFb65BXAAMajpgST4x3AKdb4khRqAw==
  dependencies:
    "@tinyhttp/etag" "2.0.4"
    es-content-type "^0.1.0"
    es-mime-types "^0.1.4"

"@tinyhttp/type-is@2.0.5":
  version "2.0.5"
  resolved "https://registry.yarnpkg.com/@tinyhttp/type-is/-/type-is-2.0.5.tgz#0871750e5e1c76649989def4a88d476b49d101ac"
  integrity sha512-X8CPx6iDkjZ51TN1uurpLdzv1jaOiW1ZlBpla2skZu+/pCMDZ8tQnyfbibYYM6hi0IPAnL+YXv4pDTIgFcbL7g==
  dependencies:
    es-content-type "^0.1.0"
    es-mime-types "^0.1.4"

"@tinyhttp/url@2.0.6":
  version "2.0.6"
  resolved "https://registry.yarnpkg.com/@tinyhttp/url/-/url-2.0.6.tgz#91ae5bdd433f9abd8abafbef5c58be8110ab72f5"
  integrity sha512-NIWvR4NjcoUqWFkHZqfWmrncCIyxOwErn1bKfZVgV6xJLI5MUwAgL8B2ziU8W9ghVKiTh5dJU4p9lZVL550M5w==

builtins@^4.0.0:
  version "4.1.0"
  resolved "https://registry.yarnpkg.com/builtins/-/builtins-4.1.0.tgz#1edd016dd91ce771a1ed6fc3b2b71fb918953250"
  integrity sha512-1bPRZQtmKaO6h7qV1YHXNtr6nCK28k0Zo95KM4dXfILcZZwoHJBN1m3lfLv9LPkcOZlrSr+J1bzMaZFO98Yq0w==
  dependencies:
    semver "^7.0.0"

colorette@^1.2.2:
  version "1.4.0"
  resolved "https://registry.yarnpkg.com/colorette/-/colorette-1.4.0.tgz#5190fbb87276259a86ad700bff2c6d6faa3fca40"
  integrity sha512-Y2oEozpomLn7Q3HFP7dpww7AtMJplbM9lGZP6RDfHqmbeRjiwRg4n6VM6j4KLmRke85uWEI7JqF17f3pqdRA0g==

dayjs@^1.10.4:
  version "1.11.3"
  resolved "https://registry.yarnpkg.com/dayjs/-/dayjs-1.11.3.tgz#4754eb694a624057b9ad2224b67b15d552589258"
  integrity sha512-xxwlswWOlGhzgQ4TKzASQkUhqERI3egRNqgV4ScR8wlANA/A9tZ7miXa44vTTKEq5l7vWoL5G57bG3zA+Kow0A==

es-content-type@^0.1.0:
  version "0.1.0"
  resolved "https://registry.yarnpkg.com/es-content-type/-/es-content-type-0.1.0.tgz#711efbc3c6c1c58c83ca808f6a0fec56d11bc3c8"
  integrity sha512-DqWU9pSzhNlO10q+NQ/KebImLkKbwbcy0pSv3hNQfEpKFHsrqDJz2vajpZdq7nkiG9DoJcTh22oHGymp7XJd9g==

es-escape-html@^0.1.1:
  version "0.1.1"
  resolved "https://registry.yarnpkg.com/es-escape-html/-/es-escape-html-0.1.1.tgz#9a582d49754ec6204524952c76a383fe5f03c1c0"
  integrity sha512-yUx1o+8RsG7UlszmYPtks+dm6Lho2m8lgHMOsLJQsFI0R8XwUJwiMhM1M4E/S8QLeGyf6MkDV/pWgjQ0tdTSyQ==

es-fresh@^0.0.10:
  version "0.0.10"
  resolved "https://registry.yarnpkg.com/es-fresh/-/es-fresh-0.0.10.tgz#c746507680980d5894c9bce017da8ff8fe98e2e6"
  integrity sha512-/e5etUqtxj7JktALldpsDNC84DOHavN9PqojnTTGeX1M2/Q4/SF8d55d7AsB3n66WYS43hdBbn0sAllto5kSIg==

es-mime-types@^0.1.4:
  version "0.1.4"
  resolved "https://registry.yarnpkg.com/es-mime-types/-/es-mime-types-0.1.4.tgz#a88584e7fc9b589c289f125663d8e2f8d72d7df0"
  integrity sha512-rUrmfrUIHU/4ykYB+YH80LDiSpmn6sE/A9E8EsFZP4LCtf/PH+ju6d6goFJ8fsGf81pRtQn1cJSmp8JGA9YkfQ==
  dependencies:
    mime-db "^1.50.0"

es-vary@^0.1.1:
  version "0.1.2"
  resolved "https://registry.yarnpkg.com/es-vary/-/es-vary-0.1.2.tgz#d02940618962e2ffbdde9eedb876bec4c9e06f6c"
  integrity sha512-pLqqZoOutAXQXyBJrUYVNM5fZngiOJYi1Xl4svQMrluTsqDUOQlBMw9EYgLrsWL6niDYn/Yd1y2Pj6GC+j/yjA==

header-range-parser@1.1.3, header-range-parser@^1.1.3:
  version "1.1.3"
  resolved "https://registry.yarnpkg.com/header-range-parser/-/header-range-parser-1.1.3.tgz#6414b5b12e3b645d29d85225a58fd207d66d30ef"
  integrity sha512-B9zCFt3jH8g09LR1vHL4pcAn8yMEtlSlOUdQemzHMRKMImNIhhszdeosYFfNW0WXKQtXIlWB+O4owHJKvEJYaA==

http-status-emojis@^2.2.0:
  version "2.2.0"
  resolved "https://registry.yarnpkg.com/http-status-emojis/-/http-status-emojis-2.2.0.tgz#2cf3316f0c1610c4fc94c6fccdada35aa70f992a"
  integrity sha512-ompKtgwpx8ff0hsbpIB7oE4ax1LXoHmftsHHStMELX56ivG3GhofTX8ZHWlUaFKfGjcGjw6G3rPk7dJRXMmbbg==

import-meta-resolve@^1.1.1:
  version "1.1.1"
  resolved "https://registry.yarnpkg.com/import-meta-resolve/-/import-meta-resolve-1.1.1.tgz#244fd542fd1fae73550d4f8b3cde3bba1d7b2b18"
  integrity sha512-JiTuIvVyPaUg11eTrNDx5bgQ/yMKMZffc7YSjvQeSMXy58DO2SQ8BtAf3xteZvmzvjYh14wnqNjL8XVeDy2o9A==
  dependencies:
    builtins "^4.0.0"

ipaddr.js@^2.0.1:
  version "2.0.1"
  resolved "https://registry.yarnpkg.com/ipaddr.js/-/ipaddr.js-2.0.1.tgz#eca256a7a877e917aeb368b0a7497ddf42ef81c0"
  integrity sha512-1qTgH9NG+IIJ4yfKs2e6Pp1bZg8wbDbKHT21HrLIeYBTRLgMYKnMTPAuI3Lcs61nfx5h1xlXnbJtH1kX5/d/ng==

lru-cache@^6.0.0:
  version "6.0.0"
  resolved "https://registry.yarnpkg.com/lru-cache/-/lru-cache-6.0.0.tgz#6d6fe6570ebd96aaf90fcad1dafa3b2566db3a94"
  integrity sha512-Jo6dJ04CmSjuznwJSS3pUeWmd/H0ffTlkXXgwZi+eq1UCmqQwCh+eLsYOYCwY991i2Fah4h1BEMCx4qThGbsiA==
  dependencies:
    yallist "^4.0.0"

milliparsec@^2.2.2:
  version "2.2.2"
  resolved "https://registry.yarnpkg.com/milliparsec/-/milliparsec-2.2.2.tgz#7817035edc1fdbcb9bccc947511e24ca93007e7f"
  integrity sha512-TvAwN6RwLpdeY8+ly4JHxC8fTE5wS1rpg3BpltJd9W7oiY4yZtlCsfIXeLw493p3+9ihpTtvQ6ovnTp3o11wyQ==

mime-db@^1.50.0:
  version "1.52.0"
  resolved "https://registry.yarnpkg.com/mime-db/-/mime-db-1.52.0.tgz#bbabcdc02859f4987301c856e3387ce5ec43bf70"
  integrity sha512-sPU4uV7dYlvtWJxwwxHD0PuihVNiE7TyAbQ5SWxDCB9mUYvOgroQOwYQQOKPJ8CIbE+1ETVlOoK1UC2nU3gYvg==

nbb@0.5.104:
  version "0.5.104"
  resolved "https://registry.yarnpkg.com/nbb/-/nbb-0.5.104.tgz#df117d58c8762ce85719989422837a5420d5cb44"
  integrity sha512-xmiBndgK8QsR6jc14dlnfZI91XsXenjJvw32fh/Y48hfHyLqDOJYl8t8c6Xwvag+ZgjaqkSm2DbWXjeyQe/Oxw==
  dependencies:
    import-meta-resolve "^1.1.1"

negotiator@^0.6.2:
  version "0.6.3"
  resolved "https://registry.yarnpkg.com/negotiator/-/negotiator-0.6.3.tgz#58e323a72fedc0d6f9cd4d31fe49f51479590ccd"
  integrity sha512-+EUsqGPLsM+j/zdChZjsnX51g4XrHFOIXwfnCVPGlQk/k5giakcKsuxCObBRu6DSm9opw/O6slWbJdghQM4bBg==

regexparam@^2.0.0:
  version "2.0.0"
  resolved "https://registry.yarnpkg.com/regexparam/-/regexparam-2.0.0.tgz#059476767d5f5f87f735fc7922d133fd1a118c8c"
  integrity sha512-gJKwd2MVPWHAIFLsaYDZfyKzHNS4o7E/v8YmNf44vmeV2e4YfVoDToTOKTvE7ab68cRJ++kLuEXJBaEeJVt5ow==

semver@^7.0.0:
  version "7.3.7"
  resolved "https://registry.yarnpkg.com/semver/-/semver-7.3.7.tgz#12c5b649afdbf9049707796e22a4028814ce523f"
  integrity sha512-QlYTucUYOews+WeEujDoEGziz4K6c47V/Bd+LjSSYcA94p+DmINdf7ncaUinThfvZyu13lN9OY1XDxt8C0Tw0g==
  dependencies:
    lru-cache "^6.0.0"

yallist@^4.0.0:
  version "4.0.0"
  resolved "https://registry.yarnpkg.com/yallist/-/yallist-4.0.0.tgz#9bb92790d9c0effec63be73519e11a35019a3a72"
  integrity sha512-3wdGidZyq5PB084XLES5TpOSRA3wjXAlIWMhum2kRcv/41Sn2emQ0dycQW4uZXLejwKvg6EsvbdlVL+FYEct7A==
